
Microsoft Visual Studio Solution File, Format Version 12.00
# Visual Studio Version 17
VisualStudioVersion = 17.14.36109.1 d17.14
MinimumVisualStudioVersion = 10.0.40219.1
Project("{2150E333-8FDC-42A3-9474-1A3956D46DE8}") = "1. API Layer", "1. API Layer", "{02EA681E-C7D8-13C7-8484-4AC65E1B71E8}"
EndProject
Project("{2150E333-8FDC-42A3-9474-1A3956D46DE8}") = "2. Application Layer", "2. Application Layer", "{D1357300-D9AE-4F5C-8C31-C1B6E2BD5BEA}"
EndProject
Project("{2150E333-8FDC-42A3-9474-1A3956D46DE8}") = "3. Domain Layer", "3. Domain Layer", "{DF49CB67-1302-4F5F-80E8-D6DD0B3CDBE5}"
EndProject
Project("{2150E333-8FDC-42A3-9474-1A3956D46DE8}") = "4. Infra Layer", "4. Infra Layer", "{4E02CD3B-4648-4807-8288-0AD72C66590D}"
EndProject
Project("{FAE04EC0-301F-11D3-BF4B-00C04F79EFBC}") = "API", "API\API.csproj", "{5F4D3F1E-A480-49C6-86C8-E409D170C603}"
EndProject
Project("{FAE04EC0-301F-11D3-BF4B-00C04F79EFBC}") = "Application", "Application\Application.csproj", "{3FBE6BA7-819F-46E6-A145-7F54DDAD5B8A}"
EndProject
Project("{FAE04EC0-301F-11D3-BF4B-00C04F79EFBC}") = "Domain", "Domain\Domain.csproj", "{529C59E6-B814-4404-8FE1-82E9F03C3214}"
EndProject
Project("{FAE04EC0-301F-11D3-BF4B-00C04F79EFBC}") = "Infra", "Infra\Infra.csproj", "{3C82F924-3549-47BB-BBEF-C277AF33679C}"
EndProject
Global
	GlobalSection(SolutionConfigurationPlatforms) = preSolution
		Debug|Any CPU = Debug|Any CPU
		Release|Any CPU = Release|Any CPU
	EndGlobalSection
	GlobalSection(ProjectConfigurationPlatforms) = postSolution
		{5F4D3F1E-A480-49C6-86C8-E409D170C603}.Debug|Any CPU.ActiveCfg = Debug|Any CPU
		{5F4D3F1E-A480-49C6-86C8-E409D170C603}.Debug|Any CPU.Build.0 = Debug|Any CPU
		{5F4D3F1E-A480-49C6-86C8-E409D170C603}.Release|Any CPU.ActiveCfg = Release|Any CPU
		{5F4D3F1E-A480-49C6-86C8-E409D170C603}.Release|Any CPU.Build.0 = Release|Any CPU
		{3FBE6BA7-819F-46E6-A145-7F54DDAD5B8A}.Debug|Any CPU.ActiveCfg = Debug|Any CPU
		{3FBE6BA7-819F-46E6-A145-7F54DDAD5B8A}.Debug|Any CPU.Build.0 = Debug|Any CPU
		{3FBE6BA7-819F-46E6-A145-7F54DDAD5B8A}.Release|Any CPU.ActiveCfg = Release|Any CPU
		{3FBE6BA7-819F-46E6-A145-7F54DDAD5B8A}.Release|Any CPU.Build.0 = Release|Any CPU
		{529C59E6-B814-4404-8FE1-82E9F03C3214}.Debug|Any CPU.ActiveCfg = Debug|Any CPU
		{529C59E6-B814-4404-8FE1-82E9F03C3214}.Debug|Any CPU.Build.0 = Debug|Any CPU
		{529C59E6-B814-4404-8FE1-82E9F03C3214}.Release|Any CPU.ActiveCfg = Release|Any CPU
		{529C59E6-B814-4404-8FE1-82E9F03C3214}.Release|Any CPU.Build.0 = Release|Any CPU
		{3C82F924-3549-47BB-BBEF-C277AF33679C}.Debug|Any CPU.ActiveCfg = Debug|Any CPU
		{3C82F924-3549-47BB-BBEF-C277AF33679C}.Debug|Any CPU.Build.0 = Debug|Any CPU
		{3C82F924-3549-47BB-BBEF-C277AF33679C}.Release|Any CPU.ActiveCfg = Release|Any CPU
		{3C82F924-3549-47BB-BBEF-C277AF33679C}.Release|Any CPU.Build.0 = Release|Any CPU
	EndGlobalSection
	GlobalSection(SolutionProperties) = preSolution
		HideSolutionNode = FALSE
	EndGlobalSection
	GlobalSection(NestedProjects) = preSolution
		{5F4D3F1E-A480-49C6-86C8-E409D170C603} = {02EA681E-C7D8-13C7-8484-4AC65E1B71E8}
		{3FBE6BA7-819F-46E6-A145-7F54DDAD5B8A} = {D1357300-D9AE-4F5C-8C31-C1B6E2BD5BEA}
		{529C59E6-B814-4404-8FE1-82E9F03C3214} = {DF49CB67-1302-4F5F-80E8-D6DD0B3CDBE5}
		{3C82F924-3549-47BB-BBEF-C277AF33679C} = {4E02CD3B-4648-4807-8288-0AD72C66590D}
	EndGlobalSection
	GlobalSection(ExtensibilityGlobals) = postSolution
		SolutionGuid = {947FA243-F54E-42AF-B40C-36EC3E41D96F}
	EndGlobalSection
EndGlobal
